{
  "name": "active-streak",
  "version": "1.0.0",
  "lockfileVersion": 2,
  "requires": true,
  "packages": {
    "": {
      "name": "active-streak",
      "version": "1.0.0",
      "license": "ISC",
      "dependencies": {
        "luxon": "^2.3.0"
      },
      "devDependencies": {
        "zora": "^5.0.3"
      }
    },
    "node_modules/luxon": {
      "version": "2.3.0",
      "resolved": "https://registry.npmjs.org/luxon/-/luxon-2.3.0.tgz",
      "integrity": "sha512-gv6jZCV+gGIrVKhO90yrsn8qXPKD8HYZJtrUDSfEbow8Tkw84T9OnCyJhWvnJIaIF/tBuiAjZuQHUt1LddX2mg==",
      "engines": {
        "node": ">=12"
      }
    },
    "node_modules/zora": {
      "version": "5.0.3",
      "resolved": "https://registry.npmjs.org/zora/-/zora-5.0.3.tgz",
      "integrity": "sha512-3DAIXwF1LAM17da2WXbW3vxit/EuTjXFoLsDe14ZAWePaq7v7SETp4uBus2vwrl67KozYrLYWsGYJ4GOsM7NVA==",
      "dev": true
    }
  },
  "dependencies": {
    "luxon": {
      "version": "2.3.0",
      "resolved": "https://registry.npmjs.org/luxon/-/luxon-2.3.0.tgz",
      "integrity": "sha512-gv6jZCV+gGIrVKhO90yrsn8qXPKD8HYZJtrUDSfEbow8Tkw84T9OnCyJhWvnJIaIF/tBuiAjZuQHUt1LddX2mg=="
    },
    "zora": {
      "version": "5.0.3",
      "resolved": "https://registry.npmjs.org/zora/-/zora-5.0.3.tgz",
      "integrity": "sha512-3DAIXwF1LAM17da2WXbW3vxit/EuTjXFoLsDe14ZAWePaq7v7SETp4uBus2vwrl67KozYrLYWsGYJ4GOsM7NVA==",
      "dev": true
    }
  }
}
